
Microsoft Visual Studio Solution File, Format Version 12.00
# Visual Studio Version 17
VisualStudioVersion = 17.3.32929.385
MinimumVisualStudioVersion = 10.0.40219.1
Project("{FAE04EC0-301F-11D3-BF4B-00C04F79EFBC}") = "Tomi_Lavinia_Lab2", "Tomi_Lavinia_Lab2.csproj", "{D882904C-BA4E-4578-8AE3-FCB49ADAA769}"
EndProject
Global
	GlobalSection(SolutionConfigurationPlatforms) = preSolution
		Debug|Any CPU = Debug|Any CPU
		Release|Any CPU = Release|Any CPU
	EndGlobalSection
	GlobalSection(ProjectConfigurationPlatforms) = postSolution
		{D882904C-BA4E-4578-8AE3-FCB49ADAA769}.Debug|Any CPU.ActiveCfg = Debug|Any CPU
		{D882904C-BA4E-4578-8AE3-FCB49ADAA769}.Debug|Any CPU.Build.0 = Debug|Any CPU
		{D882904C-BA4E-4578-8AE3-FCB49ADAA769}.Release|Any CPU.ActiveCfg = Release|Any CPU
		{D882904C-BA4E-4578-8AE3-FCB49ADAA769}.Release|Any CPU.Build.0 = Release|Any CPU
	EndGlobalSection
	GlobalSection(SolutionProperties) = preSolution
		HideSolutionNode = FALSE
	EndGlobalSection
	GlobalSection(ExtensibilityGlobals) = postSolution
		SolutionGuid = {FEAD9D0F-1370-45B5-AD23-B3D35F399EAA}
	EndGlobalSection
EndGlobal
